
Microsoft Visual Studio Solution File, Format Version 12.00
# Visual Studio 15
VisualStudioVersion = 15.0.27130.2010
MinimumVisualStudioVersion = 10.0.40219.1
Project("{FAE04EC0-301F-11D3-BF4B-00C04F79EFBC}") = "Source", "Source\Source.csproj", "{8F16EA27-6729-4BB7-8102-92990F2CDBBE}"
EndProject
Global
	GlobalSection(SolutionConfigurationPlatforms) = preSolution
		Debug|Any CPU = Debug|Any CPU
		Release|Any CPU = Release|Any CPU
	EndGlobalSection
	GlobalSection(ProjectConfigurationPlatforms) = postSolution
		{8F16EA27-6729-4BB7-8102-92990F2CDBBE}.Debug|Any CPU.ActiveCfg = Debug|Any CPU
		{8F16EA27-6729-4BB7-8102-92990F2CDBBE}.Debug|Any CPU.Build.0 = Debug|Any CPU
		{8F16EA27-6729-4BB7-8102-92990F2CDBBE}.Release|Any CPU.ActiveCfg = Release|Any CPU
		{8F16EA27-6729-4BB7-8102-92990F2CDBBE}.Release|Any CPU.Build.0 = Release|Any CPU
	EndGlobalSection
	GlobalSection(SolutionProperties) = preSolution
		HideSolutionNode = FALSE
	EndGlobalSection
	GlobalSection(ExtensibilityGlobals) = postSolution
		SolutionGuid = {754242D0-A660-4712-B8E3-27D07AC4C5FD}
	EndGlobalSection
EndGlobal
